<?xml version="1.0" encoding="utf-8"?>
<Project ToolsVersion="4.0" xmlns="http://schemas.microsoft.com/developer/msbuild/2003">
  <ItemGroup>
    <ClCompile Include="Animation\AnimationClip.cpp" />
    <ClCompile Include="Animation\AnimationController.cpp" />
    <ClCompile Include="DataTables\DataTable.cpp" />
    <ClCompile Include="DataTables\StringTable.cpp" />
    <ClCompile Include="GameObjects\Monster\EliteTick.cpp" />
    <ClCompile Include="Framework\DataTableMgr.cpp" />
    <ClCompile Include="Framework\Framework.cpp" />
    <ClCompile Include="Framework\InputMgr.cpp" />
    <ClCompile Include="GameObjects\GameObject.cpp" />
    <ClCompile Include="GameObjects\SpriteEffect.cpp" />
    <ClCompile Include="GameObjects\VertexArray\VertexArrayGo.cpp" />
    <ClCompile Include="Global\Utils.cpp" />
    <ClCompile Include="main.cpp" />
    <ClCompile Include="Framework\ResourceMgr.cpp" />
    <ClCompile Include="GameObjects\Player.cpp" />
    <ClCompile Include="GameObjects\RectangleGo.cpp" />
    <ClCompile Include="GameObjects\Monster\Monster.cpp" />
    <ClCompile Include="DataTables\MonsterTable.cpp" />
    <ClCompile Include="Scenes\Scene.cpp" />
    <ClCompile Include="Scenes\SceneGame.cpp" />
    <ClCompile Include="Framework\SceneMgr.cpp" />
    <ClCompile Include="GameObjects\SpriteGo.cpp" />
    <ClCompile Include="Global\Variables.cpp" />
    <ClCompile Include="GameObjects\UIButton.cpp" />
    <ClCompile Include="GameObjects\VertexArray\TileMap.cpp" />
    <ClCompile Include="Scenes\SceneEdit.cpp" />
    <ClCompile Include="GameObjects\VertexArray\GridMap.cpp" />
    <ClCompile Include="GameObjects\TextGo.cpp" />
    <ClCompile Include="GameObjects\Monster\BossGolem.cpp" />
    <ClCompile Include="GameObjects\Items\FieldItem.cpp" />
    <ClCompile Include="DataTables\FieldItemTable.cpp" />
    <ClCompile Include="GameObjects\PlayerClass\Paladin.cpp" />
    <ClCompile Include="DataTables\EliteMonsterTable.cpp" />
    <ClCompile Include="GameObjects\VertexArray\OnTileMap.cpp" />
    <ClCompile Include="GameObjects\Tree.cpp" />
  </ItemGroup>
  <ItemGroup>
    <ClInclude Include="3rd\rapidcsv.h" />
    <ClInclude Include="Animation\AnimationController.h" />
    <ClInclude Include="Animation\AnimationClip.h" />
    <ClInclude Include="DataTables\DataTable.h" />
    <ClInclude Include="DataTables\StringTable.h" />
    <ClInclude Include="GameObjects\Monster\EliteTick.h" />
    <ClInclude Include="Framework\DataTableMgr.h" />
    <ClInclude Include="Framework\ObjectPool.h" />
    <ClInclude Include="GameObjects\GameObject.h" />
    <ClInclude Include="GameObjects\SpriteEffect.h" />
    <ClInclude Include="GameObjects\VertexArray\VertexArrayGo.h" />
    <ClInclude Include="Global\Defines.h" />
    <ClInclude Include="Framework\Framework.h" />
    <ClInclude Include="Framework\InputMgr.h" />
    <ClInclude Include="Framework\ResourceMgr.h" />
    <ClInclude Include="Global\Utils.h" />
    <ClInclude Include="GameObjects\Player.h" />
    <ClInclude Include="GameObjects\RectangleGo.h" />
    <ClInclude Include="GameObjects\Monster\Monster.h" />
    <ClInclude Include="DataTables\MonsterTable.h" />
    <ClInclude Include="Scenes\Scene.h" />
    <ClInclude Include="Scenes\SceneGame.h" />
    <ClInclude Include="Framework\SceneMgr.h" />
    <ClInclude Include="Global\Singleton.h" />
    <ClInclude Include="GameObjects\SpriteGo.h" />
    <ClInclude Include="Global\stdafx.h" />
    <ClInclude Include="Global\Variables.h" />
    <ClInclude Include="GameObjects\UIButton.h" />
    <ClInclude Include="GameObjects\VertexArray\TileMap.h" />
    <ClInclude Include="Scenes\SceneEdit.h" />
    <ClInclude Include="GameObjects\VertexArray\GridMap.h" />
    <ClInclude Include="GameObjects\TextGo.h" />
    <ClInclude Include="GameObjects\Monster\BossGolem.h" />
    <ClInclude Include="GameObjects\Items\FieldItem.h" />
    <ClInclude Include="DataTables\FieldItemTable.h" />
    <ClInclude Include="GameObjects\PlayerClass\Paladin.h" />
    <ClInclude Include="DataTables\EliteMonsterTable.h" />
    <ClInclude Include="GameObjects\VertexArray\OnTileMap.h" />
    <ClInclude Include="GameObjects\Tree.h" />
  </ItemGroup>
</Project>