<?xml version="1.0" encoding="utf-8"?>
<Project ToolsVersion="4.0" xmlns="http://schemas.microsoft.com/developer/msbuild/2003">
  <ItemGroup>
    <ClCompile Include="Animation\AnimationClip.cpp" />
    <ClCompile Include="Animation\AnimationController.cpp" />
    <ClCompile Include="DataTables\DataTable.cpp" />
    <ClCompile Include="DataTables\StringTable.cpp" />
    <ClCompile Include="DataTables\EliteMonsterTable.cpp" />
    <ClCompile Include="DataTables\FieldItemTable.cpp" />
    <ClCompile Include="GameObjects\Items\FieldItem.cpp" />
    <ClCompile Include="GameObjects\Monsters\BossGolem.cpp" />
    <ClCompile Include="GameObjects\Monsters\EliteTick.cpp" />
    <ClCompile Include="Framework\DataTableMgr.cpp" />
    <ClCompile Include="Framework\Framework.cpp" />
    <ClCompile Include="Framework\InputMgr.cpp" />
    <ClCompile Include="GameObjects\GameObject.cpp" />
    <ClCompile Include="GameObjects\SpriteEffect.cpp" />
    <ClCompile Include="GameObjects\TextGo.cpp" />
    <ClCompile Include="GameObjects\VertexArray\VertexArrayGo.cpp" />
    <ClCompile Include="Global\Utils.cpp" />
    <ClCompile Include="GameObjects\VertexArray\GridMap.cpp" />
    <ClCompile Include="main.cpp" />
    <ClCompile Include="Framework\ResourceMgr.cpp" />
    <ClCompile Include="GameObjects\RectangleGo.cpp" />
    <ClCompile Include="GameObjects\Monsters\Monster.cpp" />
    <ClCompile Include="DataTables\MonsterTable.cpp" />
    <ClCompile Include="GameObjects\PlayerClass\Paladin.cpp" />
    <ClCompile Include="DataTables\PlayerTable.cpp" />
    <ClCompile Include="GameObjects\Skills\RangeAttack.cpp" />
    <ClCompile Include="Scenes\Scene.cpp" />
    <ClCompile Include="Scenes\SceneGame.cpp" />
    <ClCompile Include="Framework\SceneMgr.cpp" />
    <ClCompile Include="GameObjects\SpriteGo.cpp" />
    <ClCompile Include="Global\Variables.cpp" />
    <ClCompile Include="GameObjects\UIButton.cpp" />
    <ClCompile Include="GameObjects\VertexArray\TileMap.cpp" />
    <ClCompile Include="Scenes\SceneEdit.cpp" />
    <ClCompile Include="GameObjects\VertexArray\GridMap.cpp" />
    <ClCompile Include="GameObjects\TextGo.cpp" />
    <ClCompile Include="GameObjects\Items\FieldItem.cpp" />
    <ClCompile Include="DataTables\FieldItemTable.cpp" />
    <ClCompile Include="GameObjects\PlayerClass\Paladin.cpp" />
    <ClCompile Include="DataTables\EliteMonsterTable.cpp" />
    <ClCompile Include="GameObjects\VertexArray\OnTileMap.cpp" />
    <ClCompile Include="GameObjects\Skills\ActiveSkill.cpp" />
    <ClCompile Include="GameObjects\Creature.cpp" />
    <ClCompile Include="GameObjects\PlayerClass\Player.cpp" />
    <ClCompile Include="GameObjects\Skills\Skill.cpp" />
    <ClCompile Include="GameObjects\Skills\PassiveSkill.cpp" />
    <ClCompile Include="GameObjects\Skills\MeleeAttack.cpp" />
    <ClCompile Include="GameObjects\Skills\ActiveBuff.cpp" />
    <ClCompile Include="GameObjects\Buffs\Buff.cpp" />
    <ClCompile Include="GameObjects\Buffs\BloodLust.cpp" />
    <ClCompile Include="GameObjects\Buffs\LayOnHands.cpp" />
    <ClCompile Include="DataTables\SkillDataTable.cpp" />
    <ClCompile Include="GameObjects\Skills\BuffToOther.cpp" />
    <ClCompile Include="GameObjects\Skills\PassiveToMe.cpp" />
    <ClCompile Include="GameObjects\VertexArray\Tree.cpp" />
    <ClCompile Include="GameObjects\Buffs\Shield.cpp" />
    <ClCompile Include="Scenes\SceneTitle.cpp" />
    <ClCompile Include="GameObjects\SliceSpriteGo.cpp" />
    <ClCompile Include="GameObjects\Items\EquipItem.cpp" />
    <ClCompile Include="DataTables\EquipItemTable.cpp" />
    <ClCompile Include="Tools\Astar.cpp" />
    <ClCompile Include="3rd\Beam.cpp" />
    <ClCompile Include="3rd\Line.cpp" />
    <ClCompile Include="GameObjects\Projectiles\Projectiles.cpp" />
  </ItemGroup>
  <ItemGroup>
    <ClInclude Include="3rd\rapidcsv.h" />
    <ClInclude Include="Animation\AnimationController.h" />
    <ClInclude Include="Animation\AnimationClip.h" />
    <ClInclude Include="DataTables\DataTable.h" />
    <ClInclude Include="DataTables\StringTable.h" />
    <ClInclude Include="DataTables\EliteMonsterTable.h" />
    <ClInclude Include="DataTables\FieldItemTable.h" />
    <ClInclude Include="GameObjects\Items\FieldItem.h" />
    <ClInclude Include="GameObjects\Monsters\BossGolem.h" />
    <ClInclude Include="GameObjects\Monsters\EliteTick.h" />
    <ClInclude Include="Framework\DataTableMgr.h" />
    <ClInclude Include="Framework\ObjectPool.h" />
    <ClInclude Include="GameObjects\GameObject.h" />
    <ClInclude Include="GameObjects\SpriteEffect.h" />
    <ClInclude Include="GameObjects\TextGo.h" />
    <ClInclude Include="GameObjects\VertexArray\VertexArrayGo.h" />
    <ClInclude Include="Global\Defines.h" />
    <ClInclude Include="Framework\Framework.h" />
    <ClInclude Include="Framework\InputMgr.h" />
    <ClInclude Include="Framework\ResourceMgr.h" />
    <ClInclude Include="Global\Utils.h" />
    <ClInclude Include="GameObjects\RectangleGo.h" />
    <ClInclude Include="GameObjects\Monsters\Monster.h" />
    <ClInclude Include="DataTables\MonsterTable.h" />
    <ClInclude Include="GameObjects\PlayerClass\Paladin.h" />
    <ClInclude Include="GameObjects\VertexArray\GridMap.h" />
    <ClInclude Include="DataTables\PlayerTable.h" />
    <ClInclude Include="GameObjects\Skills\RangeAttack.h" />
    <ClInclude Include="Scenes\Scene.h" />
    <ClInclude Include="Scenes\SceneGame.h" />
    <ClInclude Include="Framework\SceneMgr.h" />
    <ClInclude Include="Global\Singleton.h" />
    <ClInclude Include="GameObjects\SpriteGo.h" />
    <ClInclude Include="Global\stdafx.h" />
    <ClInclude Include="Global\Variables.h" />
    <ClInclude Include="GameObjects\UIButton.h" />
    <ClInclude Include="GameObjects\VertexArray\TileMap.h" />
    <ClInclude Include="Scenes\SceneEdit.h" />
    <ClInclude Include="GameObjects\Skills\ActiveSkill.h" />
    <ClInclude Include="GameObjects\Creature.h" />
    <ClInclude Include="GameObjects\PlayerClass\Player.h" />
    <ClInclude Include="GameObjects\Skills\Skill.h" />
    <ClInclude Include="GameObjects\Skills\PassiveSkill.h" />
    <ClInclude Include="GameObjects\Skills\MeleeAttack.h" />
    <ClInclude Include="GameObjects\Skills\ActiveBuff.h" />
    <ClInclude Include="GameObjects\Buffs\Buff.h" />
    <ClInclude Include="GameObjects\Buffs\BloodLust.h" />
    <ClInclude Include="GameObjects\Buffs\LayOnHands.h" />
    <ClInclude Include="DataTables\SkillDataTable.h" />
    <ClInclude Include="GameObjects\VertexArray\GridMap.h" />
    <ClInclude Include="GameObjects\TextGo.h" />
    <ClInclude Include="GameObjects\Items\FieldItem.h" />
    <ClInclude Include="DataTables\FieldItemTable.h" />
    <ClInclude Include="GameObjects\PlayerClass\Paladin.h" />
    <ClInclude Include="DataTables\EliteMonsterTable.h" />
    <ClInclude Include="GameObjects\VertexArray\OnTileMap.h" />
    <ClInclude Include="GameObjects\PlayerClass\Player.h" />
    <ClInclude Include="GameObjects\AllCreutures.hpp" />
    <ClInclude Include="GameObjects\Skills\BuffToOther.h" />
    <ClInclude Include="GameObjects\Buffs\AllBuffs.hpp" />
    <ClInclude Include="GameObjects\Skills\AllSkills.hpp" />
    <ClInclude Include="GameObjects\Skills\PassiveToMe.h" />
    <ClInclude Include="GameObjects\VertexArray\Tree.h" />
    <ClInclude Include="GameObjects\Buffs\Shield.h" />
    <ClInclude Include="Scenes\SceneTitle.h" />
    <ClInclude Include="GameObjects\SliceSpriteGo.h" />
    <ClInclude Include="GameObjects\Items\EquipItem.h" />
    <ClInclude Include="DataTables\EquipItemTable.h" />
    <ClInclude Include="Tools\Astar.h" />
    <ClInclude Include="3rd\Beam.h" />
    <ClInclude Include="3rd\Line.h" />
    <ClInclude Include="GameObjects\Projectiles\Projectiles.h" />
  </ItemGroup>
</Project>